// !$*UTF8*$!
{
	archiveVersion = 1;
	classes = {
	};
	objectVersion = 46;
	objects = {

/* Begin PBXBuildFile section */
		086E25EC1BA6234600FB3146 /* List.m in Sources */ = {isa = PBXBuildFile; fileRef = 086E25E51BA6234500FB3146 /* List.m */; };
		086E25ED1BA6234600FB3146 /* Profile.m in Sources */ = {isa = PBXBuildFile; fileRef = 086E25E71BA6234500FB3146 /* Profile.m */; };
		086E25EE1BA6234600FB3146 /* Task.m in Sources */ = {isa = PBXBuildFile; fileRef = 086E25E91BA6234500FB3146 /* Task.m */; };
		086E25EF1BA6234600FB3146 /* Titled.m in Sources */ = {isa = PBXBuildFile; fileRef = 086E25EB1BA6234600FB3146 /* Titled.m */; };
		564792E5197B7E0500734424 /* CouchbaseLite.framework in Frameworks */ = {isa = PBXBuildFile; fileRef = 564792E4197B7E0500734424 /* CouchbaseLite.framework */; };
		567B13211979929C0069F39A /* AppDelegate.swift in Sources */ = {isa = PBXBuildFile; fileRef = 56813254196CAF2200503172 /* AppDelegate.swift */; };
		567B1322197995610069F39A /* MasterViewController.swift in Sources */ = {isa = PBXBuildFile; fileRef = 56813256196CAF2200503172 /* MasterViewController.swift */; };
		567B132C1979BA1A0069F39A /* TaskTableVIewCell.swift in Sources */ = {isa = PBXBuildFile; fileRef = 567B132B1979BA1A0069F39A /* TaskTableVIewCell.swift */; };
		567B132F1979CDB40069F39A /* ImageViewController.swift in Sources */ = {isa = PBXBuildFile; fileRef = 567B132E1979CDB40069F39A /* ImageViewController.swift */; };
		56813259196CAF2200503172 /* DetailViewController.swift in Sources */ = {isa = PBXBuildFile; fileRef = 56813258196CAF2200503172 /* DetailViewController.swift */; };
		5681325C196CAF2200503172 /* Main.storyboard in Resources */ = {isa = PBXBuildFile; fileRef = 5681325A196CAF2200503172 /* Main.storyboard */; };
		5681325E196CAF2200503172 /* Images.xcassets in Resources */ = {isa = PBXBuildFile; fileRef = 5681325D196CAF2200503172 /* Images.xcassets */; };
		5681326A196CAF2200503172 /* ToDoLite_SwiftTests.swift in Sources */ = {isa = PBXBuildFile; fileRef = 56813269196CAF2200503172 /* ToDoLite_SwiftTests.swift */; };
		56813283196CB0BE00503172 /* Accounts.framework in Frameworks */ = {isa = PBXBuildFile; fileRef = 56813282196CB0BE00503172 /* Accounts.framework */; };
		56813285196CB0C700503172 /* CFNetwork.framework in Frameworks */ = {isa = PBXBuildFile; fileRef = 56813284196CB0C700503172 /* CFNetwork.framework */; };
		56813287196CB0CE00503172 /* SystemConfiguration.framework in Frameworks */ = {isa = PBXBuildFile; fileRef = 56813286196CB0CE00503172 /* SystemConfiguration.framework */; };
		56813289196CB0D700503172 /* Security.framework in Frameworks */ = {isa = PBXBuildFile; fileRef = 56813288196CB0D700503172 /* Security.framework */; };
		5681328B196CB0E300503172 /* Social.framework in Frameworks */ = {isa = PBXBuildFile; fileRef = 5681328A196CB0E300503172 /* Social.framework */; };
		5681328D196CB0EC00503172 /* libz.dylib in Frameworks */ = {isa = PBXBuildFile; fileRef = 5681328C196CB0EC00503172 /* libz.dylib */; };
		5681328F196CB10300503172 /* libsqlite3.dylib in Frameworks */ = {isa = PBXBuildFile; fileRef = 5681328E196CB10300503172 /* libsqlite3.dylib */; };
		56DD8238196DB8D700996E78 /* ShareViewController.swift in Sources */ = {isa = PBXBuildFile; fileRef = 56DD8237196DB8D700996E78 /* ShareViewController.swift */; };
		56FBE0E2196CD3C10067223F /* CBLSyncManager.swift in Sources */ = {isa = PBXBuildFile; fileRef = 56FBE0E1196CD3C10067223F /* CBLSyncManager.swift */; };
/* End PBXBuildFile section */

/* Begin PBXContainerItemProxy section */
		56813264196CAF2200503172 /* PBXContainerItemProxy */ = {
			isa = PBXContainerItemProxy;
			containerPortal = 56813247196CAF2200503172 /* Project object */;
			proxyType = 1;
			remoteGlobalIDString = 5681324E196CAF2200503172;
			remoteInfo = "ToDoLite-Swift";
		};
/* End PBXContainerItemProxy section */

/* Begin PBXFileReference section */
		086E25E31BA6234500FB3146 /* ToDoLite-Swift-Bridging-Header.h */ = {isa = PBXFileReference; lastKnownFileType = sourcecode.c.h; path = "ToDoLite-Swift-Bridging-Header.h"; sourceTree = "<group>"; };
		086E25E41BA6234500FB3146 /* List.h */ = {isa = PBXFileReference; fileEncoding = 4; lastKnownFileType = sourcecode.c.h; name = List.h; path = DataModel/List.h; sourceTree = "<group>"; };
		086E25E51BA6234500FB3146 /* List.m */ = {isa = PBXFileReference; fileEncoding = 4; lastKnownFileType = sourcecode.c.objc; name = List.m; path = DataModel/List.m; sourceTree = "<group>"; };
		086E25E61BA6234500FB3146 /* Profile.h */ = {isa = PBXFileReference; fileEncoding = 4; lastKnownFileType = sourcecode.c.h; name = Profile.h; path = DataModel/Profile.h; sourceTree = "<group>"; };
		086E25E71BA6234500FB3146 /* Profile.m */ = {isa = PBXFileReference; fileEncoding = 4; lastKnownFileType = sourcecode.c.objc; name = Profile.m; path = DataModel/Profile.m; sourceTree = "<group>"; };
		086E25E81BA6234500FB3146 /* Task.h */ = {isa = PBXFileReference; fileEncoding = 4; lastKnownFileType = sourcecode.c.h; name = Task.h; path = DataModel/Task.h; sourceTree = "<group>"; };
		086E25E91BA6234500FB3146 /* Task.m */ = {isa = PBXFileReference; fileEncoding = 4; lastKnownFileType = sourcecode.c.objc; name = Task.m; path = DataModel/Task.m; sourceTree = "<group>"; };
		086E25EA1BA6234600FB3146 /* Titled.h */ = {isa = PBXFileReference; fileEncoding = 4; lastKnownFileType = sourcecode.c.h; name = Titled.h; path = DataModel/Titled.h; sourceTree = "<group>"; };
		086E25EB1BA6234600FB3146 /* Titled.m */ = {isa = PBXFileReference; fileEncoding = 4; lastKnownFileType = sourcecode.c.objc; name = Titled.m; path = DataModel/Titled.m; sourceTree = "<group>"; };
		086E25F01BA625E100FB3146 /* ToDoLite-Swift-Bridging-Header.h */ = {isa = PBXFileReference; lastKnownFileType = sourcecode.c.h; path = "ToDoLite-Swift-Bridging-Header.h"; sourceTree = SOURCE_ROOT; };
		564792E4197B7E0500734424 /* CouchbaseLite.framework */ = {isa = PBXFileReference; lastKnownFileType = wrapper.framework; name = CouchbaseLite.framework; path = Frameworks/CouchbaseLite.framework; sourceTree = "<group>"; };
		564FD8E619709B5D0007F37B /* List.swift */ = {isa = PBXFileReference; fileEncoding = 4; lastKnownFileType = sourcecode.swift; name = List.swift; path = DataModel/List.swift; sourceTree = "<group>"; };
		564FD8E81970A1550007F37B /* Profile.swift */ = {isa = PBXFileReference; fileEncoding = 4; lastKnownFileType = sourcecode.swift; name = Profile.swift; path = DataModel/Profile.swift; sourceTree = "<group>"; };
		564FD8EA1970A1800007F37B /* Task.swift */ = {isa = PBXFileReference; fileEncoding = 4; lastKnownFileType = sourcecode.swift; name = Task.swift; path = DataModel/Task.swift; sourceTree = "<group>"; };
		567B132B1979BA1A0069F39A /* TaskTableVIewCell.swift */ = {isa = PBXFileReference; fileEncoding = 4; lastKnownFileType = sourcecode.swift; path = TaskTableVIewCell.swift; sourceTree = "<group>"; };
		567B132E1979CDB40069F39A /* ImageViewController.swift */ = {isa = PBXFileReference; fileEncoding = 4; lastKnownFileType = sourcecode.swift; path = ImageViewController.swift; sourceTree = "<group>"; };
		567B13301979EEE10069F39A /* RoundedButton.swift */ = {isa = PBXFileReference; fileEncoding = 4; lastKnownFileType = sourcecode.swift; path = RoundedButton.swift; sourceTree = "<group>"; };
		5681324F196CAF2200503172 /* ToDoLite-Swift.app */ = {isa = PBXFileReference; explicitFileType = wrapper.application; includeInIndex = 0; path = "ToDoLite-Swift.app"; sourceTree = BUILT_PRODUCTS_DIR; };
		56813253196CAF2200503172 /* Info.plist */ = {isa = PBXFileReference; lastKnownFileType = text.plist.xml; path = Info.plist; sourceTree = "<group>"; };
		56813254196CAF2200503172 /* AppDelegate.swift */ = {isa = PBXFileReference; lastKnownFileType = sourcecode.swift; path = AppDelegate.swift; sourceTree = "<group>"; };
		56813256196CAF2200503172 /* MasterViewController.swift */ = {isa = PBXFileReference; lastKnownFileType = sourcecode.swift; path = MasterViewController.swift; sourceTree = "<group>"; };
		56813258196CAF2200503172 /* DetailViewController.swift */ = {isa = PBXFileReference; lastKnownFileType = sourcecode.swift; path = DetailViewController.swift; sourceTree = "<group>"; };
		5681325B196CAF2200503172 /* Base */ = {isa = PBXFileReference; lastKnownFileType = file.storyboard; name = Base; path = Base.lproj/Main.storyboard; sourceTree = "<group>"; };
		5681325D196CAF2200503172 /* Images.xcassets */ = {isa = PBXFileReference; lastKnownFileType = folder.assetcatalog; path = Images.xcassets; sourceTree = "<group>"; };
		56813263196CAF2200503172 /* ToDoLite-SwiftTests.xctest */ = {isa = PBXFileReference; explicitFileType = wrapper.cfbundle; includeInIndex = 0; path = "ToDoLite-SwiftTests.xctest"; sourceTree = BUILT_PRODUCTS_DIR; };
		56813268196CAF2200503172 /* Info.plist */ = {isa = PBXFileReference; lastKnownFileType = text.plist.xml; path = Info.plist; sourceTree = "<group>"; };
		56813269196CAF2200503172 /* ToDoLite_SwiftTests.swift */ = {isa = PBXFileReference; lastKnownFileType = sourcecode.swift; path = ToDoLite_SwiftTests.swift; sourceTree = "<group>"; };
		56813282196CB0BE00503172 /* Accounts.framework */ = {isa = PBXFileReference; lastKnownFileType = wrapper.framework; name = Accounts.framework; path = System/Library/Frameworks/Accounts.framework; sourceTree = SDKROOT; };
		56813284196CB0C700503172 /* CFNetwork.framework */ = {isa = PBXFileReference; lastKnownFileType = wrapper.framework; name = CFNetwork.framework; path = System/Library/Frameworks/CFNetwork.framework; sourceTree = SDKROOT; };
		56813286196CB0CE00503172 /* SystemConfiguration.framework */ = {isa = PBXFileReference; lastKnownFileType = wrapper.framework; name = SystemConfiguration.framework; path = System/Library/Frameworks/SystemConfiguration.framework; sourceTree = SDKROOT; };
		56813288196CB0D700503172 /* Security.framework */ = {isa = PBXFileReference; lastKnownFileType = wrapper.framework; name = Security.framework; path = System/Library/Frameworks/Security.framework; sourceTree = SDKROOT; };
		5681328A196CB0E300503172 /* Social.framework */ = {isa = PBXFileReference; lastKnownFileType = wrapper.framework; name = Social.framework; path = System/Library/Frameworks/Social.framework; sourceTree = SDKROOT; };
		5681328C196CB0EC00503172 /* libz.dylib */ = {isa = PBXFileReference; lastKnownFileType = "compiled.mach-o.dylib"; name = libz.dylib; path = usr/lib/libz.dylib; sourceTree = SDKROOT; };
		5681328E196CB10300503172 /* libsqlite3.dylib */ = {isa = PBXFileReference; lastKnownFileType = "compiled.mach-o.dylib"; name = libsqlite3.dylib; path = usr/lib/libsqlite3.dylib; sourceTree = SDKROOT; };
		56DD8237196DB8D700996E78 /* ShareViewController.swift */ = {isa = PBXFileReference; fileEncoding = 4; lastKnownFileType = sourcecode.swift; path = ShareViewController.swift; sourceTree = "<group>"; };
		56DD823A196DBF4F00996E78 /* Titled.swift */ = {isa = PBXFileReference; fileEncoding = 4; lastKnownFileType = sourcecode.swift; name = Titled.swift; path = DataModel/Titled.swift; sourceTree = "<group>"; };
		56FBE0E1196CD3C10067223F /* CBLSyncManager.swift */ = {isa = PBXFileReference; fileEncoding = 4; lastKnownFileType = sourcecode.swift; path = CBLSyncManager.swift; sourceTree = "<group>"; };
/* End PBXFileReference section */

/* Begin PBXFrameworksBuildPhase section */
		5681324C196CAF2200503172 /* Frameworks */ = {
			isa = PBXFrameworksBuildPhase;
			buildActionMask = 2147483647;
			files = (
				5681328F196CB10300503172 /* libsqlite3.dylib in Frameworks */,
				5681328D196CB0EC00503172 /* libz.dylib in Frameworks */,
				5681328B196CB0E300503172 /* Social.framework in Frameworks */,
				56813289196CB0D700503172 /* Security.framework in Frameworks */,
				56813287196CB0CE00503172 /* SystemConfiguration.framework in Frameworks */,
				56813285196CB0C700503172 /* CFNetwork.framework in Frameworks */,
				564792E5197B7E0500734424 /* CouchbaseLite.framework in Frameworks */,
				56813283196CB0BE00503172 /* Accounts.framework in Frameworks */,
			);
			runOnlyForDeploymentPostprocessing = 0;
		};
		56813260196CAF2200503172 /* Frameworks */ = {
			isa = PBXFrameworksBuildPhase;
			buildActionMask = 2147483647;
			files = (
			);
			runOnlyForDeploymentPostprocessing = 0;
		};
/* End PBXFrameworksBuildPhase section */

/* Begin PBXGroup section */
		56813246196CAF2200503172 = {
			isa = PBXGroup;
			children = (
				56813281196CB01400503172 /* Frameworks */,
				56813251196CAF2200503172 /* ToDoLite-Swift */,
				56813266196CAF2200503172 /* ToDoLite-SwiftTests */,
				56813250196CAF2200503172 /* Products */,
			);
			sourceTree = "<group>";
		};
		56813250196CAF2200503172 /* Products */ = {
			isa = PBXGroup;
			children = (
				5681324F196CAF2200503172 /* ToDoLite-Swift.app */,
				56813263196CAF2200503172 /* ToDoLite-SwiftTests.xctest */,
			);
			name = Products;
			sourceTree = "<group>";
		};
		56813251196CAF2200503172 /* ToDoLite-Swift */ = {
			isa = PBXGroup;
			children = (
				086E25F01BA625E100FB3146 /* ToDoLite-Swift-Bridging-Header.h */,
				56DD8239196DBD8600996E78 /* DataModel */,
				56813254196CAF2200503172 /* AppDelegate.swift */,
				56813256196CAF2200503172 /* MasterViewController.swift */,
				56813258196CAF2200503172 /* DetailViewController.swift */,
				56FBE0E1196CD3C10067223F /* CBLSyncManager.swift */,
				56DD8237196DB8D700996E78 /* ShareViewController.swift */,
				567B132B1979BA1A0069F39A /* TaskTableVIewCell.swift */,
				567B132E1979CDB40069F39A /* ImageViewController.swift */,
				567B13301979EEE10069F39A /* RoundedButton.swift */,
				5681325A196CAF2200503172 /* Main.storyboard */,
				5681325D196CAF2200503172 /* Images.xcassets */,
				56813252196CAF2200503172 /* Supporting Files */,
			);
			path = "ToDoLite-Swift";
			sourceTree = "<group>";
		};
		56813252196CAF2200503172 /* Supporting Files */ = {
			isa = PBXGroup;
			children = (
				56813253196CAF2200503172 /* Info.plist */,
			);
			name = "Supporting Files";
			sourceTree = "<group>";
		};
		56813266196CAF2200503172 /* ToDoLite-SwiftTests */ = {
			isa = PBXGroup;
			children = (
				56813269196CAF2200503172 /* ToDoLite_SwiftTests.swift */,
				56813267196CAF2200503172 /* Supporting Files */,
			);
			path = "ToDoLite-SwiftTests";
			sourceTree = "<group>";
		};
		56813267196CAF2200503172 /* Supporting Files */ = {
			isa = PBXGroup;
			children = (
				56813268196CAF2200503172 /* Info.plist */,
			);
			name = "Supporting Files";
			sourceTree = "<group>";
		};
		56813281196CB01400503172 /* Frameworks */ = {
			isa = PBXGroup;
			children = (
				564792E4197B7E0500734424 /* CouchbaseLite.framework */,
				5681328E196CB10300503172 /* libsqlite3.dylib */,
				5681328C196CB0EC00503172 /* libz.dylib */,
				5681328A196CB0E300503172 /* Social.framework */,
				56813288196CB0D700503172 /* Security.framework */,
				56813286196CB0CE00503172 /* SystemConfiguration.framework */,
				56813284196CB0C700503172 /* CFNetwork.framework */,
				56813282196CB0BE00503172 /* Accounts.framework */,
			);
			name = Frameworks;
			sourceTree = "<group>";
		};
		56DD8239196DBD8600996E78 /* DataModel */ = {
			isa = PBXGroup;
			children = (
				086E25E41BA6234500FB3146 /* List.h */,
				086E25E51BA6234500FB3146 /* List.m */,
				086E25E61BA6234500FB3146 /* Profile.h */,
				086E25E71BA6234500FB3146 /* Profile.m */,
				086E25E81BA6234500FB3146 /* Task.h */,
				086E25E91BA6234500FB3146 /* Task.m */,
				086E25EA1BA6234600FB3146 /* Titled.h */,
				086E25EB1BA6234600FB3146 /* Titled.m */,
				564FD8E619709B5D0007F37B /* List.swift */,
				564FD8E81970A1550007F37B /* Profile.swift */,
				564FD8EA1970A1800007F37B /* Task.swift */,
				56DD823A196DBF4F00996E78 /* Titled.swift */,
				086E25E31BA6234500FB3146 /* ToDoLite-Swift-Bridging-Header.h */,
			);
			name = DataModel;
			sourceTree = "<group>";
		};
/* End PBXGroup section */

/* Begin PBXNativeTarget section */
		5681324E196CAF2200503172 /* ToDoLite-Swift */ = {
			isa = PBXNativeTarget;
			buildConfigurationList = 5681326D196CAF2200503172 /* Build configuration list for PBXNativeTarget "ToDoLite-Swift" */;
			buildPhases = (
				5681324B196CAF2200503172 /* Sources */,
				5681324C196CAF2200503172 /* Frameworks */,
				5681324D196CAF2200503172 /* Resources */,
			);
			buildRules = (
			);
			dependencies = (
			);
			name = "ToDoLite-Swift";
			productName = "ToDoLite-Swift";
			productReference = 5681324F196CAF2200503172 /* ToDoLite-Swift.app */;
			productType = "com.apple.product-type.application";
		};
		56813262196CAF2200503172 /* ToDoLite-SwiftTests */ = {
			isa = PBXNativeTarget;
			buildConfigurationList = 56813270196CAF2200503172 /* Build configuration list for PBXNativeTarget "ToDoLite-SwiftTests" */;
			buildPhases = (
				5681325F196CAF2200503172 /* Sources */,
				56813260196CAF2200503172 /* Frameworks */,
				56813261196CAF2200503172 /* Resources */,
			);
			buildRules = (
			);
			dependencies = (
				56813265196CAF2200503172 /* PBXTargetDependency */,
			);
			name = "ToDoLite-SwiftTests";
			productName = "ToDoLite-SwiftTests";
			productReference = 56813263196CAF2200503172 /* ToDoLite-SwiftTests.xctest */;
			productType = "com.apple.product-type.bundle.unit-test";
		};
/* End PBXNativeTarget section */

/* Begin PBXProject section */
		56813247196CAF2200503172 /* Project object */ = {
			isa = PBXProject;
			attributes = {
				LastUpgradeCheck = 0600;
				ORGANIZATIONNAME = "Mark Tracy Special Engineering";
				TargetAttributes = {
					5681324E196CAF2200503172 = {
						CreatedOnToolsVersion = 6.0;
						DevelopmentTeam = C963797VQN;
					};
					56813262196CAF2200503172 = {
						CreatedOnToolsVersion = 6.0;
						TestTargetID = 5681324E196CAF2200503172;
					};
				};
			};
			buildConfigurationList = 5681324A196CAF2200503172 /* Build configuration list for PBXProject "ToDoLite-Swift" */;
			compatibilityVersion = "Xcode 3.2";
			developmentRegion = English;
			hasScannedForEncodings = 0;
			knownRegions = (
				en,
				Base,
			);
			mainGroup = 56813246196CAF2200503172;
			productRefGroup = 56813250196CAF2200503172 /* Products */;
			projectDirPath = "";
			projectRoot = "";
			targets = (
				5681324E196CAF2200503172 /* ToDoLite-Swift */,
				56813262196CAF2200503172 /* ToDoLite-SwiftTests */,
			);
		};
/* End PBXProject section */

/* Begin PBXResourcesBuildPhase section */
		5681324D196CAF2200503172 /* Resources */ = {
			isa = PBXResourcesBuildPhase;
			buildActionMask = 2147483647;
			files = (
				5681325C196CAF2200503172 /* Main.storyboard in Resources */,
				5681325E196CAF2200503172 /* Images.xcassets in Resources */,
			);
			runOnlyForDeploymentPostprocessing = 0;
		};
		56813261196CAF2200503172 /* Resources */ = {
			isa = PBXResourcesBuildPhase;
			buildActionMask = 2147483647;
			files = (
			);
			runOnlyForDeploymentPostprocessing = 0;
		};
/* End PBXResourcesBuildPhase section */

/* Begin PBXSourcesBuildPhase section */
		5681324B196CAF2200503172 /* Sources */ = {
			isa = PBXSourcesBuildPhase;
			buildActionMask = 2147483647;
			files = (
				086E25EE1BA6234600FB3146 /* Task.m in Sources */,
				567B132C1979BA1A0069F39A /* TaskTableVIewCell.swift in Sources */,
				567B1322197995610069F39A /* MasterViewController.swift in Sources */,
				567B13211979929C0069F39A /* AppDelegate.swift in Sources */,
				086E25ED1BA6234600FB3146 /* Profile.m in Sources */,
				56FBE0E2196CD3C10067223F /* CBLSyncManager.swift in Sources */,
				086E25EF1BA6234600FB3146 /* Titled.m in Sources */,
				56813259196CAF2200503172 /* DetailViewController.swift in Sources */,
				086E25EC1BA6234600FB3146 /* List.m in Sources */,
				567B132F1979CDB40069F39A /* ImageViewController.swift in Sources */,
				56DD8238196DB8D700996E78 /* ShareViewController.swift in Sources */,
			);
			runOnlyForDeploymentPostprocessing = 0;
		};
		5681325F196CAF2200503172 /* Sources */ = {
			isa = PBXSourcesBuildPhase;
			buildActionMask = 2147483647;
			files = (
				5681326A196CAF2200503172 /* ToDoLite_SwiftTests.swift in Sources */,
			);
			runOnlyForDeploymentPostprocessing = 0;
		};
/* End PBXSourcesBuildPhase section */

/* Begin PBXTargetDependency section */
		56813265196CAF2200503172 /* PBXTargetDependency */ = {
			isa = PBXTargetDependency;
			target = 5681324E196CAF2200503172 /* ToDoLite-Swift */;
			targetProxy = 56813264196CAF2200503172 /* PBXContainerItemProxy */;
		};
/* End PBXTargetDependency section */

/* Begin PBXVariantGroup section */
		5681325A196CAF2200503172 /* Main.storyboard */ = {
			isa = PBXVariantGroup;
			children = (
				5681325B196CAF2200503172 /* Base */,
			);
			name = Main.storyboard;
			sourceTree = "<group>";
		};
/* End PBXVariantGroup section */

/* Begin XCBuildConfiguration section */
		5681326B196CAF2200503172 /* Debug */ = {
			isa = XCBuildConfiguration;
			buildSettings = {
				ALWAYS_SEARCH_USER_PATHS = YES;
				CLANG_CXX_LANGUAGE_STANDARD = "gnu++0x";
				CLANG_CXX_LIBRARY = "libc++";
				CLANG_ENABLE_MODULES = YES;
				CLANG_ENABLE_OBJC_ARC = YES;
				CLANG_WARN_BOOL_CONVERSION = YES;
				CLANG_WARN_CONSTANT_CONVERSION = YES;
				CLANG_WARN_DIRECT_OBJC_ISA_USAGE = YES_ERROR;
				CLANG_WARN_EMPTY_BODY = YES;
				CLANG_WARN_ENUM_CONVERSION = YES;
				CLANG_WARN_INT_CONVERSION = YES;
				CLANG_WARN_OBJC_ROOT_CLASS = YES_ERROR;
				CLANG_WARN_UNREACHABLE_CODE = YES;
				CLANG_WARN__DUPLICATE_METHOD_MATCH = YES;
				"CODE_SIGN_IDENTITY[sdk=iphoneos*]" = "iPhone Developer";
				COPY_PHASE_STRIP = NO;
				ENABLE_STRICT_OBJC_MSGSEND = YES;
				FRAMEWORK_SEARCH_PATHS = "/Users/adamelemental/dev/CouchBase/couchbase-lite-ios-enterprise_1.1.0-31/";
				GCC_C_LANGUAGE_STANDARD = gnu99;
				GCC_DYNAMIC_NO_PIC = NO;
				GCC_OPTIMIZATION_LEVEL = 0;
				GCC_PREPROCESSOR_DEFINITIONS = (
					"DEBUG=1",
					"$(inherited)",
				);
				GCC_SYMBOLS_PRIVATE_EXTERN = NO;
				GCC_WARN_64_TO_32_BIT_CONVERSION = YES;
				GCC_WARN_ABOUT_RETURN_TYPE = YES_ERROR;
				GCC_WARN_UNDECLARED_SELECTOR = YES;
				GCC_WARN_UNINITIALIZED_AUTOS = YES_AGGRESSIVE;
				GCC_WARN_UNUSED_FUNCTION = YES;
				GCC_WARN_UNUSED_VARIABLE = YES;
				IPHONEOS_DEPLOYMENT_TARGET = 8.0;
				MTL_ENABLE_DEBUG_INFO = YES;
				ONLY_ACTIVE_ARCH = YES;
				OTHER_LDFLAGS = "-ObjC";
				SDKROOT = iphoneos;
				SWIFT_OBJC_BRIDGING_HEADER = "ToDoLite-Swift-Bridging-Header.h";
				SWIFT_OPTIMIZATION_LEVEL = "-Onone";
				TARGETED_DEVICE_FAMILY = "1,2";
			};
			name = Debug;
		};
		5681326C196CAF2200503172 /* Release */ = {
			isa = XCBuildConfiguration;
			buildSettings = {
				ALWAYS_SEARCH_USER_PATHS = YES;
				CLANG_CXX_LANGUAGE_STANDARD = "gnu++0x";
				CLANG_CXX_LIBRARY = "libc++";
				CLANG_ENABLE_MODULES = YES;
				CLANG_ENABLE_OBJC_ARC = YES;
				CLANG_WARN_BOOL_CONVERSION = YES;
				CLANG_WARN_CONSTANT_CONVERSION = YES;
				CLANG_WARN_DIRECT_OBJC_ISA_USAGE = YES_ERROR;
				CLANG_WARN_EMPTY_BODY = YES;
				CLANG_WARN_ENUM_CONVERSION = YES;
				CLANG_WARN_INT_CONVERSION = YES;
				CLANG_WARN_OBJC_ROOT_CLASS = YES_ERROR;
				CLANG_WARN_UNREACHABLE_CODE = YES;
				CLANG_WARN__DUPLICATE_METHOD_MATCH = YES;
				"CODE_SIGN_IDENTITY[sdk=iphoneos*]" = "iPhone Developer";
				COPY_PHASE_STRIP = YES;
				ENABLE_NS_ASSERTIONS = NO;
				ENABLE_STRICT_OBJC_MSGSEND = YES;
				FRAMEWORK_SEARCH_PATHS = "/Users/adamelemental/dev/CouchBase/couchbase-lite-ios-enterprise_1.1.0-31/";
				GCC_C_LANGUAGE_STANDARD = gnu99;
				GCC_WARN_64_TO_32_BIT_CONVERSION = YES;
				GCC_WARN_ABOUT_RETURN_TYPE = YES_ERROR;
				GCC_WARN_UNDECLARED_SELECTOR = YES;
				GCC_WARN_UNINITIALIZED_AUTOS = YES_AGGRESSIVE;
				GCC_WARN_UNUSED_FUNCTION = YES;
				GCC_WARN_UNUSED_VARIABLE = YES;
				IPHONEOS_DEPLOYMENT_TARGET = 8.0;
				MTL_ENABLE_DEBUG_INFO = NO;
				OTHER_LDFLAGS = "-ObjC";
				SDKROOT = iphoneos;
				SWIFT_OBJC_BRIDGING_HEADER = "ToDoLite-Swift-Bridging-Header.h";
				TARGETED_DEVICE_FAMILY = "1,2";
				VALIDATE_PRODUCT = YES;
			};
			name = Release;
		};
		5681326E196CAF2200503172 /* Debug */ = {
			isa = XCBuildConfiguration;
			buildSettings = {
				ASSETCATALOG_COMPILER_APPICON_NAME = AppIcon;
				ASSETCATALOG_COMPILER_LAUNCHIMAGE_NAME = LaunchImage;
				CLANG_ENABLE_MODULES = YES;
				CODE_SIGN_IDENTITY = "iPhone Developer";
				FRAMEWORK_SEARCH_PATHS = (
					"$(inherited)",
					"$(PROJECT_DIR)/Frameworks",
				);
				INFOPLIST_FILE = "ToDoLite-Swift/Info.plist";
				IPHONEOS_DEPLOYMENT_TARGET = 8.0;
				LD_RUNPATH_SEARCH_PATHS = "$(inherited) @executable_path/Frameworks";
				PRODUCT_MODULE_NAME = ToDoLite;
				PRODUCT_NAME = "$(TARGET_NAME)";
				SWIFT_OBJC_BRIDGING_HEADER = "ToDoLite-Swift/ToDoLite-Swift-Bridging-Header.h";
				SWIFT_OPTIMIZATION_LEVEL = "-Onone";
			};
			name = Debug;
		};
		5681326F196CAF2200503172 /* Release */ = {
			isa = XCBuildConfiguration;
			buildSettings = {
				ASSETCATALOG_COMPILER_APPICON_NAME = AppIcon;
				ASSETCATALOG_COMPILER_LAUNCHIMAGE_NAME = LaunchImage;
				CLANG_ENABLE_MODULES = YES;
				CODE_SIGN_IDENTITY = "iPhone Developer";
				FRAMEWORK_SEARCH_PATHS = (
					"$(inherited)",
					"$(PROJECT_DIR)/Frameworks",
				);
				INFOPLIST_FILE = "ToDoLite-Swift/Info.plist";
				IPHONEOS_DEPLOYMENT_TARGET = 8.0;
				LD_RUNPATH_SEARCH_PATHS = "$(inherited) @executable_path/Frameworks";
				PRODUCT_MODULE_NAME = ToDoLite;
				PRODUCT_NAME = "$(TARGET_NAME)";
				SWIFT_OBJC_BRIDGING_HEADER = "ToDoLite-Swift/ToDoLite-Swift-Bridging-Header.h";
			};
			name = Release;
		};
		56813271196CAF2200503172 /* Debug */ = {
			isa = XCBuildConfiguration;
			buildSettings = {
				BUNDLE_LOADER = "$(BUILT_PRODUCTS_DIR)/ToDoLite-Swift.app/ToDoLite-Swift";
				FRAMEWORK_SEARCH_PATHS = (
					"$(SDKROOT)/Developer/Library/Frameworks",
					"$(inherited)",
				);
				GCC_PREPROCESSOR_DEFINITIONS = (
					"DEBUG=1",
					"$(inherited)",
				);
				INFOPLIST_FILE = "ToDoLite-SwiftTests/Info.plist";
				LD_RUNPATH_SEARCH_PATHS = "$(inherited) @executable_path/Frameworks @loader_path/Frameworks";
				PRODUCT_NAME = "$(TARGET_NAME)";
				TEST_HOST = "$(BUNDLE_LOADER)";
			};
			name = Debug;
		};
		56813272196CAF2200503172 /* Release */ = {
			isa = XCBuildConfiguration;
			buildSettings = {
				BUNDLE_LOADER = "$(BUILT_PRODUCTS_DIR)/ToDoLite-Swift.app/ToDoLite-Swift";
				FRAMEWORK_SEARCH_PATHS = (
					"$(SDKROOT)/Developer/Library/Frameworks",
					"$(inherited)",
				);
				INFOPLIST_FILE = "ToDoLite-SwiftTests/Info.plist";
				LD_RUNPATH_SEARCH_PATHS = "$(inherited) @executable_path/Frameworks @loader_path/Frameworks";
				PRODUCT_NAME = "$(TARGET_NAME)";
				TEST_HOST = "$(BUNDLE_LOADER)";
			};
			name = Release;
		};
/* End XCBuildConfiguration section */

/* Begin XCConfigurationList section */
		5681324A196CAF2200503172 /* Build configuration list for PBXProject "ToDoLite-Swift" */ = {
			isa = XCConfigurationList;
			buildConfigurations = (
				5681326B196CAF2200503172 /* Debug */,
				5681326C196CAF2200503172 /* Release */,
			);
			defaultConfigurationIsVisible = 0;
			defaultConfigurationName = Release;
		};
		5681326D196CAF2200503172 /* Build configuration list for PBXNativeTarget "ToDoLite-Swift" */ = {
			isa = XCConfigurationList;
			buildConfigurations = (
				5681326E196CAF2200503172 /* Debug */,
				5681326F196CAF2200503172 /* Release */,
			);
			defaultConfigurationIsVisible = 0;
			defaultConfigurationName = Release;
		};
		56813270196CAF2200503172 /* Build configuration list for PBXNativeTarget "ToDoLite-SwiftTests" */ = {
			isa = XCConfigurationList;
			buildConfigurations = (
				56813271196CAF2200503172 /* Debug */,
				56813272196CAF2200503172 /* Release */,
			);
			defaultConfigurationIsVisible = 0;
			defaultConfigurationName = Release;
		};
/* End XCConfigurationList section */
	};
	rootObject = 56813247196CAF2200503172 /* Project object */;
}
