// !$*UTF8*$!
{
	archiveVersion = 1;
	classes = {
	};
	objectVersion = 46;
	objects = {

/* Begin PBXBuildFile section */
		56813255196CAF2200503172 /* AppDelegate.swift in Sources */ = {isa = PBXBuildFile; fileRef = 56813254196CAF2200503172 /* AppDelegate.swift */; };
		56813257196CAF2200503172 /* MasterViewController.swift in Sources */ = {isa = PBXBuildFile; fileRef = 56813256196CAF2200503172 /* MasterViewController.swift */; };
		56813259196CAF2200503172 /* DetailViewController.swift in Sources */ = {isa = PBXBuildFile; fileRef = 56813258196CAF2200503172 /* DetailViewController.swift */; };
		5681325C196CAF2200503172 /* Main.storyboard in Resources */ = {isa = PBXBuildFile; fileRef = 5681325A196CAF2200503172 /* Main.storyboard */; };
		5681325E196CAF2200503172 /* Images.xcassets in Resources */ = {isa = PBXBuildFile; fileRef = 5681325D196CAF2200503172 /* Images.xcassets */; };
		5681326A196CAF2200503172 /* ToDoLite_SwiftTests.swift in Sources */ = {isa = PBXBuildFile; fileRef = 56813269196CAF2200503172 /* ToDoLite_SwiftTests.swift */; };
/* End PBXBuildFile section */

/* Begin PBXContainerItemProxy section */
		56813264196CAF2200503172 /* PBXContainerItemProxy */ = {
			isa = PBXContainerItemProxy;
			containerPortal = 56813247196CAF2200503172 /* Project object */;
			proxyType = 1;
			remoteGlobalIDString = 5681324E196CAF2200503172;
			remoteInfo = "ToDoLite-Swift";
		};
/* End PBXContainerItemProxy section */

/* Begin PBXFileReference section */
		5681324F196CAF2200503172 /* ToDoLite-Swift.app */ = {isa = PBXFileReference; explicitFileType = wrapper.application; includeInIndex = 0; path = "ToDoLite-Swift.app"; sourceTree = BUILT_PRODUCTS_DIR; };
		56813253196CAF2200503172 /* Info.plist */ = {isa = PBXFileReference; lastKnownFileType = text.plist.xml; path = Info.plist; sourceTree = "<group>"; };
		56813254196CAF2200503172 /* AppDelegate.swift */ = {isa = PBXFileReference; lastKnownFileType = sourcecode.swift; path = AppDelegate.swift; sourceTree = "<group>"; };
		56813256196CAF2200503172 /* MasterViewController.swift */ = {isa = PBXFileReference; lastKnownFileType = sourcecode.swift; path = MasterViewController.swift; sourceTree = "<group>"; };
		56813258196CAF2200503172 /* DetailViewController.swift */ = {isa = PBXFileReference; lastKnownFileType = sourcecode.swift; path = DetailViewController.swift; sourceTree = "<group>"; };
		5681325B196CAF2200503172 /* Base */ = {isa = PBXFileReference; lastKnownFileType = file.storyboard; name = Base; path = Base.lproj/Main.storyboard; sourceTree = "<group>"; };
		5681325D196CAF2200503172 /* Images.xcassets */ = {isa = PBXFileReference; lastKnownFileType = folder.assetcatalog; path = Images.xcassets; sourceTree = "<group>"; };
		56813263196CAF2200503172 /* ToDoLite-SwiftTests.xctest */ = {isa = PBXFileReference; explicitFileType = wrapper.cfbundle; includeInIndex = 0; path = "ToDoLite-SwiftTests.xctest"; sourceTree = BUILT_PRODUCTS_DIR; };
		56813268196CAF2200503172 /* Info.plist */ = {isa = PBXFileReference; lastKnownFileType = text.plist.xml; path = Info.plist; sourceTree = "<group>"; };
		56813269196CAF2200503172 /* ToDoLite_SwiftTests.swift */ = {isa = PBXFileReference; lastKnownFileType = sourcecode.swift; path = ToDoLite_SwiftTests.swift; sourceTree = "<group>"; };
/* End PBXFileReference section */

/* Begin PBXFrameworksBuildPhase section */
		5681324C196CAF2200503172 /* Frameworks */ = {
			isa = PBXFrameworksBuildPhase;
			buildActionMask = 2147483647;
			files = (
			);
			runOnlyForDeploymentPostprocessing = 0;
		};
		56813260196CAF2200503172 /* Frameworks */ = {
			isa = PBXFrameworksBuildPhase;
			buildActionMask = 2147483647;
			files = (
			);
			runOnlyForDeploymentPostprocessing = 0;
		};
/* End PBXFrameworksBuildPhase section */

/* Begin PBXGroup section */
		56813246196CAF2200503172 = {
			isa = PBXGroup;
			children = (
				56813251196CAF2200503172 /* ToDoLite-Swift */,
				56813266196CAF2200503172 /* ToDoLite-SwiftTests */,
				56813250196CAF2200503172 /* Products */,
			);
			sourceTree = "<group>";
		};
		56813250196CAF2200503172 /* Products */ = {
			isa = PBXGroup;
			children = (
				5681324F196CAF2200503172 /* ToDoLite-Swift.app */,
				56813263196CAF2200503172 /* ToDoLite-SwiftTests.xctest */,
			);
			name = Products;
			sourceTree = "<group>";
		};
		56813251196CAF2200503172 /* ToDoLite-Swift */ = {
			isa = PBXGroup;
			children = (
				56813254196CAF2200503172 /* AppDelegate.swift */,
				56813256196CAF2200503172 /* MasterViewController.swift */,
				56813258196CAF2200503172 /* DetailViewController.swift */,
				5681325A196CAF2200503172 /* Main.storyboard */,
				5681325D196CAF2200503172 /* Images.xcassets */,
				56813252196CAF2200503172 /* Supporting Files */,
			);
			path = "ToDoLite-Swift";
			sourceTree = "<group>";
		};
		56813252196CAF2200503172 /* Supporting Files */ = {
			isa = PBXGroup;
			children = (
				56813253196CAF2200503172 /* Info.plist */,
			);
			name = "Supporting Files";
			sourceTree = "<group>";
		};
		56813266196CAF2200503172 /* ToDoLite-SwiftTests */ = {
			isa = PBXGroup;
			children = (
				56813269196CAF2200503172 /* ToDoLite_SwiftTests.swift */,
				56813267196CAF2200503172 /* Supporting Files */,
			);
			path = "ToDoLite-SwiftTests";
			sourceTree = "<group>";
		};
		56813267196CAF2200503172 /* Supporting Files */ = {
			isa = PBXGroup;
			children = (
				56813268196CAF2200503172 /* Info.plist */,
			);
			name = "Supporting Files";
			sourceTree = "<group>";
		};
/* End PBXGroup section */

/* Begin PBXNativeTarget section */
		5681324E196CAF2200503172 /* ToDoLite-Swift */ = {
			isa = PBXNativeTarget;
			buildConfigurationList = 5681326D196CAF2200503172 /* Build configuration list for PBXNativeTarget "ToDoLite-Swift" */;
			buildPhases = (
				5681324B196CAF2200503172 /* Sources */,
				5681324C196CAF2200503172 /* Frameworks */,
				5681324D196CAF2200503172 /* Resources */,
			);
			buildRules = (
			);
			dependencies = (
			);
			name = "ToDoLite-Swift";
			productName = "ToDoLite-Swift";
			productReference = 5681324F196CAF2200503172 /* ToDoLite-Swift.app */;
			productType = "com.apple.product-type.application";
		};
		56813262196CAF2200503172 /* ToDoLite-SwiftTests */ = {
			isa = PBXNativeTarget;
			buildConfigurationList = 56813270196CAF2200503172 /* Build configuration list for PBXNativeTarget "ToDoLite-SwiftTests" */;
			buildPhases = (
				5681325F196CAF2200503172 /* Sources */,
				56813260196CAF2200503172 /* Frameworks */,
				56813261196CAF2200503172 /* Resources */,
			);
			buildRules = (
			);
			dependencies = (
				56813265196CAF2200503172 /* PBXTargetDependency */,
			);
			name = "ToDoLite-SwiftTests";
			productName = "ToDoLite-SwiftTests";
			productReference = 56813263196CAF2200503172 /* ToDoLite-SwiftTests.xctest */;
			productType = "com.apple.product-type.bundle.unit-test";
		};
/* End PBXNativeTarget section */

/* Begin PBXProject section */
		56813247196CAF2200503172 /* Project object */ = {
			isa = PBXProject;
			attributes = {
				LastUpgradeCheck = 0600;
				ORGANIZATIONNAME = "Mark Tracy Special Engineering";
				TargetAttributes = {
					5681324E196CAF2200503172 = {
						CreatedOnToolsVersion = 6.0;
					};
					56813262196CAF2200503172 = {
						CreatedOnToolsVersion = 6.0;
						TestTargetID = 5681324E196CAF2200503172;
					};
				};
			};
			buildConfigurationList = 5681324A196CAF2200503172 /* Build configuration list for PBXProject "ToDoLite-Swift" */;
			compatibilityVersion = "Xcode 3.2";
			developmentRegion = English;
			hasScannedForEncodings = 0;
			knownRegions = (
				en,
				Base,
			);
			mainGroup = 56813246196CAF2200503172;
			productRefGroup = 56813250196CAF2200503172 /* Products */;
			projectDirPath = "";
			projectRoot = "";
			targets = (
				5681324E196CAF2200503172 /* ToDoLite-Swift */,
				56813262196CAF2200503172 /* ToDoLite-SwiftTests */,
			);
		};
/* End PBXProject section */

/* Begin PBXResourcesBuildPhase section */
		5681324D196CAF2200503172 /* Resources */ = {
			isa = PBXResourcesBuildPhase;
			buildActionMask = 2147483647;
			files = (
				5681325C196CAF2200503172 /* Main.storyboard in Resources */,
				5681325E196CAF2200503172 /* Images.xcassets in Resources */,
			);
			runOnlyForDeploymentPostprocessing = 0;
		};
		56813261196CAF2200503172 /* Resources */ = {
			isa = PBXResourcesBuildPhase;
			buildActionMask = 2147483647;
			files = (
			);
			runOnlyForDeploymentPostprocessing = 0;
		};
/* End PBXResourcesBuildPhase section */

/* Begin PBXSourcesBuildPhase section */
		5681324B196CAF2200503172 /* Sources */ = {
			isa = PBXSourcesBuildPhase;
			buildActionMask = 2147483647;
			files = (
				56813259196CAF2200503172 /* DetailViewController.swift in Sources */,
				56813257196CAF2200503172 /* MasterViewController.swift in Sources */,
				56813255196CAF2200503172 /* AppDelegate.swift in Sources */,
			);
			runOnlyForDeploymentPostprocessing = 0;
		};
		5681325F196CAF2200503172 /* Sources */ = {
			isa = PBXSourcesBuildPhase;
			buildActionMask = 2147483647;
			files = (
				5681326A196CAF2200503172 /* ToDoLite_SwiftTests.swift in Sources */,
			);
			runOnlyForDeploymentPostprocessing = 0;
		};
/* End PBXSourcesBuildPhase section */

/* Begin PBXTargetDependency section */
		56813265196CAF2200503172 /* PBXTargetDependency */ = {
			isa = PBXTargetDependency;
			target = 5681324E196CAF2200503172 /* ToDoLite-Swift */;
			targetProxy = 56813264196CAF2200503172 /* PBXContainerItemProxy */;
		};
/* End PBXTargetDependency section */

/* Begin PBXVariantGroup section */
		5681325A196CAF2200503172 /* Main.storyboard */ = {
			isa = PBXVariantGroup;
			children = (
				5681325B196CAF2200503172 /* Base */,
			);
			name = Main.storyboard;
			sourceTree = "<group>";
		};
/* End PBXVariantGroup section */

/* Begin XCBuildConfiguration section */
		5681326B196CAF2200503172 /* Debug */ = {
			isa = XCBuildConfiguration;
			buildSettings = {
				ALWAYS_SEARCH_USER_PATHS = NO;
				CLANG_CXX_LANGUAGE_STANDARD = "gnu++0x";
				CLANG_CXX_LIBRARY = "libc++";
				CLANG_ENABLE_MODULES = YES;
				CLANG_ENABLE_OBJC_ARC = YES;
				CLANG_WARN_BOOL_CONVERSION = YES;
				CLANG_WARN_CONSTANT_CONVERSION = YES;
				CLANG_WARN_DIRECT_OBJC_ISA_USAGE = YES_ERROR;
				CLANG_WARN_EMPTY_BODY = YES;
				CLANG_WARN_ENUM_CONVERSION = YES;
				CLANG_WARN_INT_CONVERSION = YES;
				CLANG_WARN_OBJC_ROOT_CLASS = YES_ERROR;
				CLANG_WARN_UNREACHABLE_CODE = YES;
				CLANG_WARN__DUPLICATE_METHOD_MATCH = YES;
				"CODE_SIGN_IDENTITY[sdk=iphoneos*]" = "iPhone Developer";
				COPY_PHASE_STRIP = NO;
				ENABLE_STRICT_OBJC_MSGSEND = YES;
				GCC_C_LANGUAGE_STANDARD = gnu99;
				GCC_DYNAMIC_NO_PIC = NO;
				GCC_OPTIMIZATION_LEVEL = 0;
				GCC_PREPROCESSOR_DEFINITIONS = (
					"DEBUG=1",
					"$(inherited)",
				);
				GCC_SYMBOLS_PRIVATE_EXTERN = NO;
				GCC_WARN_64_TO_32_BIT_CONVERSION = YES;
				GCC_WARN_ABOUT_RETURN_TYPE = YES_ERROR;
				GCC_WARN_UNDECLARED_SELECTOR = YES;
				GCC_WARN_UNINITIALIZED_AUTOS = YES_AGGRESSIVE;
				GCC_WARN_UNUSED_FUNCTION = YES;
				GCC_WARN_UNUSED_VARIABLE = YES;
				IPHONEOS_DEPLOYMENT_TARGET = 8.0;
				MTL_ENABLE_DEBUG_INFO = YES;
				ONLY_ACTIVE_ARCH = YES;
				SDKROOT = iphoneos;
				SWIFT_OPTIMIZATION_LEVEL = "-Onone";
				TARGETED_DEVICE_FAMILY = "1,2";
			};
			name = Debug;
		};
		5681326C196CAF2200503172 /* Release */ = {
			isa = XCBuildConfiguration;
			buildSettings = {
				ALWAYS_SEARCH_USER_PATHS = NO;
				CLANG_CXX_LANGUAGE_STANDARD = "gnu++0x";
				CLANG_CXX_LIBRARY = "libc++";
				CLANG_ENABLE_MODULES = YES;
				CLANG_ENABLE_OBJC_ARC = YES;
				CLANG_WARN_BOOL_CONVERSION = YES;
				CLANG_WARN_CONSTANT_CONVERSION = YES;
				CLANG_WARN_DIRECT_OBJC_ISA_USAGE = YES_ERROR;
				CLANG_WARN_EMPTY_BODY = YES;
				CLANG_WARN_ENUM_CONVERSION = YES;
				CLANG_WARN_INT_CONVERSION = YES;
				CLANG_WARN_OBJC_ROOT_CLASS = YES_ERROR;
				CLANG_WARN_UNREACHABLE_CODE = YES;
				CLANG_WARN__DUPLICATE_METHOD_MATCH = YES;
				"CODE_SIGN_IDENTITY[sdk=iphoneos*]" = "iPhone Developer";
				COPY_PHASE_STRIP = YES;
				ENABLE_NS_ASSERTIONS = NO;
				ENABLE_STRICT_OBJC_MSGSEND = YES;
				GCC_C_LANGUAGE_STANDARD = gnu99;
				GCC_WARN_64_TO_32_BIT_CONVERSION = YES;
				GCC_WARN_ABOUT_RETURN_TYPE = YES_ERROR;
				GCC_WARN_UNDECLARED_SELECTOR = YES;
				GCC_WARN_UNINITIALIZED_AUTOS = YES_AGGRESSIVE;
				GCC_WARN_UNUSED_FUNCTION = YES;
				GCC_WARN_UNUSED_VARIABLE = YES;
				IPHONEOS_DEPLOYMENT_TARGET = 8.0;
				MTL_ENABLE_DEBUG_INFO = NO;
				SDKROOT = iphoneos;
				TARGETED_DEVICE_FAMILY = "1,2";
				VALIDATE_PRODUCT = YES;
			};
			name = Release;
		};
		5681326E196CAF2200503172 /* Debug */ = {
			isa = XCBuildConfiguration;
			buildSettings = {
				ASSETCATALOG_COMPILER_APPICON_NAME = AppIcon;
				ASSETCATALOG_COMPILER_LAUNCHIMAGE_NAME = LaunchImage;
				INFOPLIST_FILE = "ToDoLite-Swift/Info.plist";
				LD_RUNPATH_SEARCH_PATHS = "$(inherited) @executable_path/Frameworks";
				PRODUCT_NAME = "$(TARGET_NAME)";
			};
			name = Debug;
		};
		5681326F196CAF2200503172 /* Release */ = {
			isa = XCBuildConfiguration;
			buildSettings = {
				ASSETCATALOG_COMPILER_APPICON_NAME = AppIcon;
				ASSETCATALOG_COMPILER_LAUNCHIMAGE_NAME = LaunchImage;
				INFOPLIST_FILE = "ToDoLite-Swift/Info.plist";
				LD_RUNPATH_SEARCH_PATHS = "$(inherited) @executable_path/Frameworks";
				PRODUCT_NAME = "$(TARGET_NAME)";
			};
			name = Release;
		};
		56813271196CAF2200503172 /* Debug */ = {
			isa = XCBuildConfiguration;
			buildSettings = {
				BUNDLE_LOADER = "$(BUILT_PRODUCTS_DIR)/ToDoLite-Swift.app/ToDoLite-Swift";
				FRAMEWORK_SEARCH_PATHS = (
					"$(SDKROOT)/Developer/Library/Frameworks",
					"$(inherited)",
				);
				GCC_PREPROCESSOR_DEFINITIONS = (
					"DEBUG=1",
					"$(inherited)",
				);
				INFOPLIST_FILE = "ToDoLite-SwiftTests/Info.plist";
				LD_RUNPATH_SEARCH_PATHS = "$(inherited) @executable_path/Frameworks @loader_path/Frameworks";
				PRODUCT_NAME = "$(TARGET_NAME)";
				TEST_HOST = "$(BUNDLE_LOADER)";
			};
			name = Debug;
		};
		56813272196CAF2200503172 /* Release */ = {
			isa = XCBuildConfiguration;
			buildSettings = {
				BUNDLE_LOADER = "$(BUILT_PRODUCTS_DIR)/ToDoLite-Swift.app/ToDoLite-Swift";
				FRAMEWORK_SEARCH_PATHS = (
					"$(SDKROOT)/Developer/Library/Frameworks",
					"$(inherited)",
				);
				INFOPLIST_FILE = "ToDoLite-SwiftTests/Info.plist";
				LD_RUNPATH_SEARCH_PATHS = "$(inherited) @executable_path/Frameworks @loader_path/Frameworks";
				PRODUCT_NAME = "$(TARGET_NAME)";
				TEST_HOST = "$(BUNDLE_LOADER)";
			};
			name = Release;
		};
/* End XCBuildConfiguration section */

/* Begin XCConfigurationList section */
		5681324A196CAF2200503172 /* Build configuration list for PBXProject "ToDoLite-Swift" */ = {
			isa = XCConfigurationList;
			buildConfigurations = (
				5681326B196CAF2200503172 /* Debug */,
				5681326C196CAF2200503172 /* Release */,
			);
			defaultConfigurationIsVisible = 0;
			defaultConfigurationName = Release;
		};
		5681326D196CAF2200503172 /* Build configuration list for PBXNativeTarget "ToDoLite-Swift" */ = {
			isa = XCConfigurationList;
			buildConfigurations = (
				5681326E196CAF2200503172 /* Debug */,
				5681326F196CAF2200503172 /* Release */,
			);
			defaultConfigurationIsVisible = 0;
		};
		56813270196CAF2200503172 /* Build configuration list for PBXNativeTarget "ToDoLite-SwiftTests" */ = {
			isa = XCConfigurationList;
			buildConfigurations = (
				56813271196CAF2200503172 /* Debug */,
				56813272196CAF2200503172 /* Release */,
			);
			defaultConfigurationIsVisible = 0;
		};
/* End XCConfigurationList section */
	};
	rootObject = 56813247196CAF2200503172 /* Project object */;
}
